
Microsoft Visual Studio Solution File, Format Version 12.00
# Visual Studio Version 17
VisualStudioVersion = 17.1.32210.238
MinimumVisualStudioVersion = 10.0.40219.1
Project("{FAE04EC0-301F-11D3-BF4B-00C04F79EFBC}") = "lab_8", "lab_8\lab_8.csproj", "{E7F2C0C1-9F40-4096-92A5-8C2E8B48A94C}"
EndProject
Global
	GlobalSection(SolutionConfigurationPlatforms) = preSolution
		Debug|Any CPU = Debug|Any CPU
		Release|Any CPU = Release|Any CPU
	EndGlobalSection
	GlobalSection(ProjectConfigurationPlatforms) = postSolution
		{E7F2C0C1-9F40-4096-92A5-8C2E8B48A94C}.Debug|Any CPU.ActiveCfg = Debug|Any CPU
		{E7F2C0C1-9F40-4096-92A5-8C2E8B48A94C}.Debug|Any CPU.Build.0 = Debug|Any CPU
		{E7F2C0C1-9F40-4096-92A5-8C2E8B48A94C}.Release|Any CPU.ActiveCfg = Release|Any CPU
		{E7F2C0C1-9F40-4096-92A5-8C2E8B48A94C}.Release|Any CPU.Build.0 = Release|Any CPU
	EndGlobalSection
	GlobalSection(SolutionProperties) = preSolution
		HideSolutionNode = FALSE
	EndGlobalSection
	GlobalSection(ExtensibilityGlobals) = postSolution
		SolutionGuid = {0FB5DEC4-ADCD-49EB-9719-441D897C18A1}
	EndGlobalSection
EndGlobal
